Microsoft Visual Studio Solution File, Format Version 7.00
Project("{FAE04EC0-301F-11D3-BF4B-00C04F79EFBC}") = "AssemblyInfoSample", "AssemblyInfoSample.csproj", "{1C0D0E19-2D33-40FA-9707-741EDDD8D7B9}"
EndProject
Global
	GlobalSection(SolutionConfiguration) = preSolution
		ConfigName.0 = Debug
		ConfigName.1 = Release
	EndGlobalSection
	GlobalSection(ProjectDependencies) = postSolution
	EndGlobalSection
	GlobalSection(ProjectConfiguration) = postSolution
		{1C0D0E19-2D33-40FA-9707-741EDDD8D7B9}.Debug.ActiveCfg = Debug|.NET
		{1C0D0E19-2D33-40FA-9707-741EDDD8D7B9}.Debug.Build.0 = Debug|.NET
		{1C0D0E19-2D33-40FA-9707-741EDDD8D7B9}.Release.ActiveCfg = Release|.NET
		{1C0D0E19-2D33-40FA-9707-741EDDD8D7B9}.Release.Build.0 = Release|.NET
	EndGlobalSection
	GlobalSection(ExtensibilityGlobals) = postSolution
	EndGlobalSection
	GlobalSection(ExtensibilityAddIns) = postSolution
	EndGlobalSection
EndGlobal
